// !$*UTF8*$!
{
	archiveVersion = 1;
	classes = {
	};
	objectVersion = 55;
	objects = {

/* Begin PBXBuildFile section */
		AD2D904D288F826B001CAD27 /* UnStarRequest.swift in Sources */ = {isa = PBXBuildFile; fileRef = AD2D904C288F826B001CAD27 /* UnStarRequest.swift */; };
		AD2F2DBA287A56EA0089DC2D /* SearchRepositoryView.swift in Sources */ = {isa = PBXBuildFile; fileRef = AD2F2DB9287A56EA0089DC2D /* SearchRepositoryView.swift */; };
		AD2F2DC0287A579B0089DC2D /* SearchRepositoryBuilder.swift in Sources */ = {isa = PBXBuildFile; fileRef = AD2F2DBF287A579B0089DC2D /* SearchRepositoryBuilder.swift */; };
		AD2F2DC2287A57D00089DC2D /* SearchRepositoryHostingController.swift in Sources */ = {isa = PBXBuildFile; fileRef = AD2F2DC1287A57D00089DC2D /* SearchRepositoryHostingController.swift */; };
		AD2F2DC4287A59290089DC2D /* SearchRepositoryViewModel.swift in Sources */ = {isa = PBXBuildFile; fileRef = AD2F2DC3287A59290089DC2D /* SearchRepositoryViewModel.swift */; };
		AD2F2DC6287A66B10089DC2D /* AppDelegate.swift in Sources */ = {isa = PBXBuildFile; fileRef = AD2F2DC5287A66B10089DC2D /* AppDelegate.swift */; };
		AD2F2F5F287AB0DD0089DC2D /* UserDefaultsClient.swift in Sources */ = {isa = PBXBuildFile; fileRef = AD2F2F5E287AB0DD0089DC2D /* UserDefaultsClient.swift */; };
		AD2F2F61287AB19D0089DC2D /* UserDefaultsClientKey.swift in Sources */ = {isa = PBXBuildFile; fileRef = AD2F2F60287AB19D0089DC2D /* UserDefaultsClientKey.swift */; };
		AD2F2F63287AB2220089DC2D /* UserDefaultsClientKeys.swift in Sources */ = {isa = PBXBuildFile; fileRef = AD2F2F62287AB2220089DC2D /* UserDefaultsClientKeys.swift */; };
		AD2F329A287AC87C0089DC2D /* UserDefaultsClientProtocol.swift in Sources */ = {isa = PBXBuildFile; fileRef = AD2F3299287AC87C0089DC2D /* UserDefaultsClientProtocol.swift */; };
		AD2F329D287ACAA00089DC2D /* RepositoryTranslator.swift in Sources */ = {isa = PBXBuildFile; fileRef = AD2F329C287ACAA00089DC2D /* RepositoryTranslator.swift */; };
		AD2F329F287ACB480089DC2D /* UserTranslator.swift in Sources */ = {isa = PBXBuildFile; fileRef = AD2F329E287ACB480089DC2D /* UserTranslator.swift */; };
		AD2F32A3287ACF2F0089DC2D /* RepositoryView.swift in Sources */ = {isa = PBXBuildFile; fileRef = AD2F32A2287ACF2F0089DC2D /* RepositoryView.swift */; };
		AD2F32A6287AE54A0089DC2D /* FillColorView.swift in Sources */ = {isa = PBXBuildFile; fileRef = AD2F32A5287AE54A0089DC2D /* FillColorView.swift */; };
		AD2F3EC8287ED0DD0089DC2D /* ENV.swift in Sources */ = {isa = PBXBuildFile; fileRef = AD2F3EC6287ED0DD0089DC2D /* ENV.swift */; };
		AD2F3ECB287ED2860089DC2D /* ENVClient.swift in Sources */ = {isa = PBXBuildFile; fileRef = AD2F3ECA287ED2860089DC2D /* ENVClient.swift */; };
		AD4CB3B6287978EF0029883B /* Assets.xcassets in Resources */ = {isa = PBXBuildFile; fileRef = AD4CB3B5287978EF0029883B /* Assets.xcassets */; };
		AD4CB3B9287978EF0029883B /* Preview Assets.xcassets in Resources */ = {isa = PBXBuildFile; fileRef = AD4CB3B8287978EF0029883B /* Preview Assets.xcassets */; };
		AD507742287EE35400009C1D /* StaredRepositoriesRequest.swift in Sources */ = {isa = PBXBuildFile; fileRef = AD507741287EE35400009C1D /* StaredRepositoriesRequest.swift */; };
		AD507747287EF01E00009C1D /* BaseTabBarController.swift in Sources */ = {isa = PBXBuildFile; fileRef = AD507746287EF01E00009C1D /* BaseTabBarController.swift */; };
		AD507749287EFB6100009C1D /* ViewController+tabbaritem.swift in Sources */ = {isa = PBXBuildFile; fileRef = AD507748287EFB6100009C1D /* ViewController+tabbaritem.swift */; };
		AD50774C287FA3E600009C1D /* StaredRepositoryView.swift in Sources */ = {isa = PBXBuildFile; fileRef = AD50774B287FA3E600009C1D /* StaredRepositoryView.swift */; };
		AD50774E287FA46000009C1D /* StaredRepositoryHostingController.swift in Sources */ = {isa = PBXBuildFile; fileRef = AD50774D287FA46000009C1D /* StaredRepositoryHostingController.swift */; };
		AD507752287FA59B00009C1D /* StaredRepositoryViewModel.swift in Sources */ = {isa = PBXBuildFile; fileRef = AD507751287FA59B00009C1D /* StaredRepositoryViewModel.swift */; };
		AD507754287FA6D300009C1D /* StaredRepositoryBuilder.swift in Sources */ = {isa = PBXBuildFile; fileRef = AD507753287FA6D300009C1D /* StaredRepositoryBuilder.swift */; };
		AD507759287FCA0E00009C1D /* FeatureProvider.swift in Sources */ = {isa = PBXBuildFile; fileRef = AD507758287FCA0E00009C1D /* FeatureProvider.swift */; };
		AD50775B287FCA1B00009C1D /* FeatureProviderProtocol.swift in Sources */ = {isa = PBXBuildFile; fileRef = AD50775A287FCA1B00009C1D /* FeatureProviderProtocol.swift */; };
		AD50775D287FCA4F00009C1D /* AppEnvironment.swift in Sources */ = {isa = PBXBuildFile; fileRef = AD50775C287FCA4F00009C1D /* AppEnvironment.swift */; };
		AD507760287FCCC000009C1D /* ViewRequests.swift in Sources */ = {isa = PBXBuildFile; fileRef = AD50775F287FCCC000009C1D /* ViewRequests.swift */; };
		AD507762287FFFBA00009C1D /* StarRepositoryRequest.swift in Sources */ = {isa = PBXBuildFile; fileRef = AD507761287FFFBA00009C1D /* StarRepositoryRequest.swift */; };
		AD5077642880010700009C1D /* EmptyResponse.swift in Sources */ = {isa = PBXBuildFile; fileRef = AD5077632880010700009C1D /* EmptyResponse.swift */; };
		AD50776628800BAB00009C1D /* CheckStarRequest.swift in Sources */ = {isa = PBXBuildFile; fileRef = AD50776528800BAB00009C1D /* CheckStarRequest.swift */; };
		AD695E46287984F500D1C9B5 /* APIClient.swift in Sources */ = {isa = PBXBuildFile; fileRef = AD695E45287984F500D1C9B5 /* APIClient.swift */; };
		AD695E492879AC7700D1C9B5 /* SearchRepositoryRequest.swift in Sources */ = {isa = PBXBuildFile; fileRef = AD695E482879AC7700D1C9B5 /* SearchRepositoryRequest.swift */; };
		AD695E4C2879AC9600D1C9B5 /* Request.swift in Sources */ = {isa = PBXBuildFile; fileRef = AD695E4B2879AC9600D1C9B5 /* Request.swift */; };
		AD695E552879AD4F00D1C9B5 /* RepositoryEntity.swift in Sources */ = {isa = PBXBuildFile; fileRef = AD695E542879AD4F00D1C9B5 /* RepositoryEntity.swift */; };
		AD695E572879AD6C00D1C9B5 /* UserEntity.swift in Sources */ = {isa = PBXBuildFile; fileRef = AD695E562879AD6C00D1C9B5 /* UserEntity.swift */; };
		AD695E592879AD8100D1C9B5 /* GithubLicense.swift in Sources */ = {isa = PBXBuildFile; fileRef = AD695E582879AD8100D1C9B5 /* GithubLicense.swift */; };
		AD695E5D2879ADD500D1C9B5 /* User.swift in Sources */ = {isa = PBXBuildFile; fileRef = AD695E5C2879ADD500D1C9B5 /* User.swift */; };
		AD695E5F2879ADEC00D1C9B5 /* Repository.swift in Sources */ = {isa = PBXBuildFile; fileRef = AD695E5E2879ADEC00D1C9B5 /* Repository.swift */; };
/* End PBXBuildFile section */

/* Begin PBXFileReference section */
		AD2D904C288F826B001CAD27 /* UnStarRequest.swift */ = {isa = PBXFileReference; lastKnownFileType = sourcecode.swift; path = UnStarRequest.swift; sourceTree = "<group>"; };
		AD2F2DB9287A56EA0089DC2D /* SearchRepositoryView.swift */ = {isa = PBXFileReference; lastKnownFileType = sourcecode.swift; path = SearchRepositoryView.swift; sourceTree = "<group>"; };
		AD2F2DBF287A579B0089DC2D /* SearchRepositoryBuilder.swift */ = {isa = PBXFileReference; lastKnownFileType = sourcecode.swift; path = SearchRepositoryBuilder.swift; sourceTree = "<group>"; };
		AD2F2DC1287A57D00089DC2D /* SearchRepositoryHostingController.swift */ = {isa = PBXFileReference; lastKnownFileType = sourcecode.swift; path = SearchRepositoryHostingController.swift; sourceTree = "<group>"; };
		AD2F2DC3287A59290089DC2D /* SearchRepositoryViewModel.swift */ = {isa = PBXFileReference; lastKnownFileType = sourcecode.swift; path = SearchRepositoryViewModel.swift; sourceTree = "<group>"; };
		AD2F2DC5287A66B10089DC2D /* AppDelegate.swift */ = {isa = PBXFileReference; lastKnownFileType = sourcecode.swift; path = AppDelegate.swift; sourceTree = "<group>"; };
		AD2F2DC7287A6A180089DC2D /* Info.plist */ = {isa = PBXFileReference; lastKnownFileType = text.plist.xml; path = Info.plist; sourceTree = "<group>"; };
		AD2F2F5E287AB0DD0089DC2D /* UserDefaultsClient.swift */ = {isa = PBXFileReference; lastKnownFileType = sourcecode.swift; path = UserDefaultsClient.swift; sourceTree = "<group>"; };
		AD2F2F60287AB19D0089DC2D /* UserDefaultsClientKey.swift */ = {isa = PBXFileReference; lastKnownFileType = sourcecode.swift; path = UserDefaultsClientKey.swift; sourceTree = "<group>"; };
		AD2F2F62287AB2220089DC2D /* UserDefaultsClientKeys.swift */ = {isa = PBXFileReference; lastKnownFileType = sourcecode.swift; path = UserDefaultsClientKeys.swift; sourceTree = "<group>"; };
		AD2F3299287AC87C0089DC2D /* UserDefaultsClientProtocol.swift */ = {isa = PBXFileReference; lastKnownFileType = sourcecode.swift; path = UserDefaultsClientProtocol.swift; sourceTree = "<group>"; };
		AD2F329C287ACAA00089DC2D /* RepositoryTranslator.swift */ = {isa = PBXFileReference; lastKnownFileType = sourcecode.swift; path = RepositoryTranslator.swift; sourceTree = "<group>"; };
		AD2F329E287ACB480089DC2D /* UserTranslator.swift */ = {isa = PBXFileReference; lastKnownFileType = sourcecode.swift; path = UserTranslator.swift; sourceTree = "<group>"; };
		AD2F32A2287ACF2F0089DC2D /* RepositoryView.swift */ = {isa = PBXFileReference; lastKnownFileType = sourcecode.swift; path = RepositoryView.swift; sourceTree = "<group>"; };
		AD2F32A5287AE54A0089DC2D /* FillColorView.swift */ = {isa = PBXFileReference; lastKnownFileType = sourcecode.swift; path = FillColorView.swift; sourceTree = "<group>"; };
		AD2F3EC6287ED0DD0089DC2D /* ENV.swift */ = {isa = PBXFileReference; fileEncoding = 4; lastKnownFileType = sourcecode.swift; path = ENV.swift; sourceTree = "<group>"; };
		AD2F3ECA287ED2860089DC2D /* ENVClient.swift */ = {isa = PBXFileReference; lastKnownFileType = sourcecode.swift; path = ENVClient.swift; sourceTree = "<group>"; };
		AD4CB3AE287978EE0029883B /* SwiftConcurrencySample.app */ = {isa = PBXFileReference; explicitFileType = wrapper.application; includeInIndex = 0; path = SwiftConcurrencySample.app; sourceTree = BUILT_PRODUCTS_DIR; };
		AD4CB3B5287978EF0029883B /* Assets.xcassets */ = {isa = PBXFileReference; lastKnownFileType = folder.assetcatalog; path = Assets.xcassets; sourceTree = "<group>"; };
		AD4CB3B8287978EF0029883B /* Preview Assets.xcassets */ = {isa = PBXFileReference; lastKnownFileType = folder.assetcatalog; path = "Preview Assets.xcassets"; sourceTree = "<group>"; };
		AD507741287EE35400009C1D /* StaredRepositoriesRequest.swift */ = {isa = PBXFileReference; lastKnownFileType = sourcecode.swift; path = StaredRepositoriesRequest.swift; sourceTree = "<group>"; };
		AD507746287EF01E00009C1D /* BaseTabBarController.swift */ = {isa = PBXFileReference; lastKnownFileType = sourcecode.swift; path = BaseTabBarController.swift; sourceTree = "<group>"; };
		AD507748287EFB6100009C1D /* ViewController+tabbaritem.swift */ = {isa = PBXFileReference; lastKnownFileType = sourcecode.swift; path = "ViewController+tabbaritem.swift"; sourceTree = "<group>"; };
		AD50774B287FA3E600009C1D /* StaredRepositoryView.swift */ = {isa = PBXFileReference; lastKnownFileType = sourcecode.swift; path = StaredRepositoryView.swift; sourceTree = "<group>"; };
		AD50774D287FA46000009C1D /* StaredRepositoryHostingController.swift */ = {isa = PBXFileReference; lastKnownFileType = sourcecode.swift; path = StaredRepositoryHostingController.swift; sourceTree = "<group>"; };
		AD507751287FA59B00009C1D /* StaredRepositoryViewModel.swift */ = {isa = PBXFileReference; lastKnownFileType = sourcecode.swift; path = StaredRepositoryViewModel.swift; sourceTree = "<group>"; };
		AD507753287FA6D300009C1D /* StaredRepositoryBuilder.swift */ = {isa = PBXFileReference; lastKnownFileType = sourcecode.swift; path = StaredRepositoryBuilder.swift; sourceTree = "<group>"; };
		AD507758287FCA0E00009C1D /* FeatureProvider.swift */ = {isa = PBXFileReference; lastKnownFileType = sourcecode.swift; path = FeatureProvider.swift; sourceTree = "<group>"; };
		AD50775A287FCA1B00009C1D /* FeatureProviderProtocol.swift */ = {isa = PBXFileReference; lastKnownFileType = sourcecode.swift; path = FeatureProviderProtocol.swift; sourceTree = "<group>"; };
		AD50775C287FCA4F00009C1D /* AppEnvironment.swift */ = {isa = PBXFileReference; lastKnownFileType = sourcecode.swift; path = AppEnvironment.swift; sourceTree = "<group>"; };
		AD50775F287FCCC000009C1D /* ViewRequests.swift */ = {isa = PBXFileReference; lastKnownFileType = sourcecode.swift; path = ViewRequests.swift; sourceTree = "<group>"; };
		AD507761287FFFBA00009C1D /* StarRepositoryRequest.swift */ = {isa = PBXFileReference; lastKnownFileType = sourcecode.swift; path = StarRepositoryRequest.swift; sourceTree = "<group>"; };
		AD5077632880010700009C1D /* EmptyResponse.swift */ = {isa = PBXFileReference; lastKnownFileType = sourcecode.swift; path = EmptyResponse.swift; sourceTree = "<group>"; };
		AD50776528800BAB00009C1D /* CheckStarRequest.swift */ = {isa = PBXFileReference; lastKnownFileType = sourcecode.swift; path = CheckStarRequest.swift; sourceTree = "<group>"; };
		AD695E45287984F500D1C9B5 /* APIClient.swift */ = {isa = PBXFileReference; lastKnownFileType = sourcecode.swift; path = APIClient.swift; sourceTree = "<group>"; };
		AD695E482879AC7700D1C9B5 /* SearchRepositoryRequest.swift */ = {isa = PBXFileReference; lastKnownFileType = sourcecode.swift; path = SearchRepositoryRequest.swift; sourceTree = "<group>"; };
		AD695E4B2879AC9600D1C9B5 /* Request.swift */ = {isa = PBXFileReference; lastKnownFileType = sourcecode.swift; path = Request.swift; sourceTree = "<group>"; };
		AD695E542879AD4F00D1C9B5 /* RepositoryEntity.swift */ = {isa = PBXFileReference; lastKnownFileType = sourcecode.swift; path = RepositoryEntity.swift; sourceTree = "<group>"; };
		AD695E562879AD6C00D1C9B5 /* UserEntity.swift */ = {isa = PBXFileReference; lastKnownFileType = sourcecode.swift; path = UserEntity.swift; sourceTree = "<group>"; };
		AD695E582879AD8100D1C9B5 /* GithubLicense.swift */ = {isa = PBXFileReference; lastKnownFileType = sourcecode.swift; path = GithubLicense.swift; sourceTree = "<group>"; };
		AD695E5C2879ADD500D1C9B5 /* User.swift */ = {isa = PBXFileReference; lastKnownFileType = sourcecode.swift; path = User.swift; sourceTree = "<group>"; };
		AD695E5E2879ADEC00D1C9B5 /* Repository.swift */ = {isa = PBXFileReference; lastKnownFileType = sourcecode.swift; path = Repository.swift; sourceTree = "<group>"; };
/* End PBXFileReference section */

/* Begin PBXFrameworksBuildPhase section */
		AD4CB3AB287978EE0029883B /* Frameworks */ = {
			isa = PBXFrameworksBuildPhase;
			buildActionMask = 2147483647;
			files = (
			);
			runOnlyForDeploymentPostprocessing = 0;
		};
/* End PBXFrameworksBuildPhase section */

/* Begin PBXGroup section */
		AD2F2DBB287A57260089DC2D /* Features */ = {
			isa = PBXGroup;
			children = (
				AD50774A287FA2D800009C1D /* StaredRepository */,
				AD2F2DBC287A57300089DC2D /* SearchRepository */,
			);
			path = Features;
			sourceTree = "<group>";
		};
		AD2F2DBC287A57300089DC2D /* SearchRepository */ = {
			isa = PBXGroup;
			children = (
				AD2F2DBE287A574F0089DC2D /* Logic */,
				AD2F2DBD287A57470089DC2D /* View */,
				AD2F2DBF287A579B0089DC2D /* SearchRepositoryBuilder.swift */,
			);
			path = SearchRepository;
			sourceTree = "<group>";
		};
		AD2F2DBD287A57470089DC2D /* View */ = {
			isa = PBXGroup;
			children = (
				AD2F2DB9287A56EA0089DC2D /* SearchRepositoryView.swift */,
				AD2F2DC1287A57D00089DC2D /* SearchRepositoryHostingController.swift */,
			);
			path = View;
			sourceTree = "<group>";
		};
		AD2F2DBE287A574F0089DC2D /* Logic */ = {
			isa = PBXGroup;
			children = (
				AD2F2DC3287A59290089DC2D /* SearchRepositoryViewModel.swift */,
			);
			path = Logic;
			sourceTree = "<group>";
		};
		AD2F2F5D287AB0410089DC2D /* UserDefaults */ = {
			isa = PBXGroup;
			children = (
				AD2F2F5E287AB0DD0089DC2D /* UserDefaultsClient.swift */,
				AD2F2F60287AB19D0089DC2D /* UserDefaultsClientKey.swift */,
				AD2F2F62287AB2220089DC2D /* UserDefaultsClientKeys.swift */,
				AD2F3299287AC87C0089DC2D /* UserDefaultsClientProtocol.swift */,
			);
			path = UserDefaults;
			sourceTree = "<group>";
		};
		AD2F329B287ACA8F0089DC2D /* Translator */ = {
			isa = PBXGroup;
			children = (
				AD2F329C287ACAA00089DC2D /* RepositoryTranslator.swift */,
				AD2F329E287ACB480089DC2D /* UserTranslator.swift */,
			);
			path = Translator;
			sourceTree = "<group>";
		};
		AD2F32A0287ACF0F0089DC2D /* FeatureDesigns */ = {
			isa = PBXGroup;
			children = (
				AD2F32A1287ACF1D0089DC2D /* RepositoryDesign */,
			);
			path = FeatureDesigns;
			sourceTree = "<group>";
		};
		AD2F32A1287ACF1D0089DC2D /* RepositoryDesign */ = {
			isa = PBXGroup;
			children = (
				AD2F32A2287ACF2F0089DC2D /* RepositoryView.swift */,
			);
			path = RepositoryDesign;
			sourceTree = "<group>";
		};
		AD2F32A4287AE5370089DC2D /* DesignCore */ = {
			isa = PBXGroup;
			children = (
				AD2F32A5287AE54A0089DC2D /* FillColorView.swift */,
				AD507748287EFB6100009C1D /* ViewController+tabbaritem.swift */,
			);
			path = DesignCore;
			sourceTree = "<group>";
		};
		AD2F32A7287DBBEA0089DC2D /* Core */ = {
			isa = PBXGroup;
			children = (
				AD2F32A8287DBC080089DC2D /* Env */,
				AD695E4128797EFD00D1C9B5 /* API */,
				AD2F2F5D287AB0410089DC2D /* UserDefaults */,
			);
			path = Core;
			sourceTree = "<group>";
		};
		AD2F32A8287DBC080089DC2D /* Env */ = {
			isa = PBXGroup;
			children = (
				AD2F3EC6287ED0DD0089DC2D /* ENV.swift */,
				AD2F3ECA287ED2860089DC2D /* ENVClient.swift */,
			);
			path = Env;
			sourceTree = "<group>";
		};
		AD4CB3A5287978EE0029883B = {
			isa = PBXGroup;
			children = (
				AD4CB3B0287978EE0029883B /* SwiftConcurrencySample */,
				AD4CB3AF287978EE0029883B /* Products */,
			);
			sourceTree = "<group>";
		};
		AD4CB3AF287978EE0029883B /* Products */ = {
			isa = PBXGroup;
			children = (
				AD4CB3AE287978EE0029883B /* SwiftConcurrencySample.app */,
			);
			name = Products;
			sourceTree = "<group>";
		};
		AD4CB3B0287978EE0029883B /* SwiftConcurrencySample */ = {
			isa = PBXGroup;
			children = (
				AD4CB3B5287978EF0029883B /* Assets.xcassets */,
				AD2F2DC7287A6A180089DC2D /* Info.plist */,
				AD2F32A7287DBBEA0089DC2D /* Core */,
				AD695E5A2879ADB800D1C9B5 /* FeatureInterface */,
				AD2F32A4287AE5370089DC2D /* DesignCore */,
				AD2F32A0287ACF0F0089DC2D /* FeatureDesigns */,
				AD2F2DBB287A57260089DC2D /* Features */,
				AD507745287EF00A00009C1D /* App */,
				AD4CB3B7287978EF0029883B /* Preview Content */,
			);
			path = SwiftConcurrencySample;
			sourceTree = "<group>";
		};
		AD4CB3B7287978EF0029883B /* Preview Content */ = {
			isa = PBXGroup;
			children = (
				AD4CB3B8287978EF0029883B /* Preview Assets.xcassets */,
			);
			path = "Preview Content";
			sourceTree = "<group>";
		};
		AD507745287EF00A00009C1D /* App */ = {
			isa = PBXGroup;
			children = (
				AD507757287FC9FC00009C1D /* FeatureProvider */,
				AD2F2DC5287A66B10089DC2D /* AppDelegate.swift */,
				AD507746287EF01E00009C1D /* BaseTabBarController.swift */,
			);
			path = App;
			sourceTree = "<group>";
		};
		AD50774A287FA2D800009C1D /* StaredRepository */ = {
			isa = PBXGroup;
			children = (
				AD50774F287FA57E00009C1D /* Logic */,
				AD507750287FA58400009C1D /* View */,
				AD507753287FA6D300009C1D /* StaredRepositoryBuilder.swift */,
			);
			path = StaredRepository;
			sourceTree = "<group>";
		};
		AD50774F287FA57E00009C1D /* Logic */ = {
			isa = PBXGroup;
			children = (
				AD507751287FA59B00009C1D /* StaredRepositoryViewModel.swift */,
			);
			path = Logic;
			sourceTree = "<group>";
		};
		AD507750287FA58400009C1D /* View */ = {
			isa = PBXGroup;
			children = (
				AD50774B287FA3E600009C1D /* StaredRepositoryView.swift */,
				AD50774D287FA46000009C1D /* StaredRepositoryHostingController.swift */,
			);
			path = View;
			sourceTree = "<group>";
		};
		AD507755287FC9C100009C1D /* FeatureProvider */ = {
			isa = PBXGroup;
			children = (
				AD50775E287FCCAA00009C1D /* ViewRequests */,
				AD50775A287FCA1B00009C1D /* FeatureProviderProtocol.swift */,
			);
			path = FeatureProvider;
			sourceTree = "<group>";
		};
		AD507756287FC9E200009C1D /* AppEnvironment */ = {
			isa = PBXGroup;
			children = (
				AD50775C287FCA4F00009C1D /* AppEnvironment.swift */,
			);
			path = AppEnvironment;
			sourceTree = "<group>";
		};
		AD507757287FC9FC00009C1D /* FeatureProvider */ = {
			isa = PBXGroup;
			children = (
				AD507758287FCA0E00009C1D /* FeatureProvider.swift */,
			);
			path = FeatureProvider;
			sourceTree = "<group>";
		};
		AD50775E287FCCAA00009C1D /* ViewRequests */ = {
			isa = PBXGroup;
			children = (
				AD50775F287FCCC000009C1D /* ViewRequests.swift */,
			);
			path = ViewRequests;
			sourceTree = "<group>";
		};
		AD695E4128797EFD00D1C9B5 /* API */ = {
			isa = PBXGroup;
			children = (
				AD695E532879AD1700D1C9B5 /* Entities */,
				AD695E4D2879ACAB00D1C9B5 /* APIClient */,
				AD695E472879AC6800D1C9B5 /* Request */,
			);
			path = API;
			sourceTree = "<group>";
		};
		AD695E472879AC6800D1C9B5 /* Request */ = {
			isa = PBXGroup;
			children = (
				AD695E4B2879AC9600D1C9B5 /* Request.swift */,
				AD5077632880010700009C1D /* EmptyResponse.swift */,
				AD695E4A2879AC8500D1C9B5 /* Requests */,
			);
			path = Request;
			sourceTree = "<group>";
		};
		AD695E4A2879AC8500D1C9B5 /* Requests */ = {
			isa = PBXGroup;
			children = (
				AD695E482879AC7700D1C9B5 /* SearchRepositoryRequest.swift */,
				AD507741287EE35400009C1D /* StaredRepositoriesRequest.swift */,
				AD507761287FFFBA00009C1D /* StarRepositoryRequest.swift */,
				AD50776528800BAB00009C1D /* CheckStarRequest.swift */,
				AD2D904C288F826B001CAD27 /* UnStarRequest.swift */,
			);
			path = Requests;
			sourceTree = "<group>";
		};
		AD695E4D2879ACAB00D1C9B5 /* APIClient */ = {
			isa = PBXGroup;
			children = (
				AD695E45287984F500D1C9B5 /* APIClient.swift */,
			);
			path = APIClient;
			sourceTree = "<group>";
		};
		AD695E532879AD1700D1C9B5 /* Entities */ = {
			isa = PBXGroup;
			children = (
				AD695E542879AD4F00D1C9B5 /* RepositoryEntity.swift */,
				AD695E562879AD6C00D1C9B5 /* UserEntity.swift */,
				AD695E582879AD8100D1C9B5 /* GithubLicense.swift */,
			);
			path = Entities;
			sourceTree = "<group>";
		};
		AD695E5A2879ADB800D1C9B5 /* FeatureInterface */ = {
			isa = PBXGroup;
			children = (
				AD507756287FC9E200009C1D /* AppEnvironment */,
				AD507755287FC9C100009C1D /* FeatureProvider */,
				AD2F329B287ACA8F0089DC2D /* Translator */,
				AD695E5B2879ADCB00D1C9B5 /* Model */,
			);
			path = FeatureInterface;
			sourceTree = "<group>";
		};
		AD695E5B2879ADCB00D1C9B5 /* Model */ = {
			isa = PBXGroup;
			children = (
				AD695E5C2879ADD500D1C9B5 /* User.swift */,
				AD695E5E2879ADEC00D1C9B5 /* Repository.swift */,
			);
			path = Model;
			sourceTree = "<group>";
		};
/* End PBXGroup section */

/* Begin PBXNativeTarget section */
		AD4CB3AD287978EE0029883B /* SwiftConcurrencySample */ = {
			isa = PBXNativeTarget;
			buildConfigurationList = AD4CB3D2287978EF0029883B /* Build configuration list for PBXNativeTarget "SwiftConcurrencySample" */;
			buildPhases = (
				AD4CB3AA287978EE0029883B /* Sources */,
				AD4CB3AB287978EE0029883B /* Frameworks */,
				AD4CB3AC287978EE0029883B /* Resources */,
			);
			buildRules = (
			);
			dependencies = (
			);
			name = SwiftConcurrencySample;
			productName = SwiftConcurrencySample;
			productReference = AD4CB3AE287978EE0029883B /* SwiftConcurrencySample.app */;
			productType = "com.apple.product-type.application";
		};
/* End PBXNativeTarget section */

/* Begin PBXProject section */
		AD4CB3A6287978EE0029883B /* Project object */ = {
			isa = PBXProject;
			attributes = {
				BuildIndependentTargetsInParallel = 1;
				LastSwiftUpdateCheck = 1330;
				LastUpgradeCheck = 1330;
				TargetAttributes = {
					AD4CB3AD287978EE0029883B = {
						CreatedOnToolsVersion = 13.3.1;
					};
				};
			};
			buildConfigurationList = AD4CB3A9287978EE0029883B /* Build configuration list for PBXProject "SwiftConcurrencySample" */;
			compatibilityVersion = "Xcode 13.0";
			developmentRegion = en;
			hasScannedForEncodings = 0;
			knownRegions = (
				en,
				Base,
			);
			mainGroup = AD4CB3A5287978EE0029883B;
			productRefGroup = AD4CB3AF287978EE0029883B /* Products */;
			projectDirPath = "";
			projectRoot = "";
			targets = (
				AD4CB3AD287978EE0029883B /* SwiftConcurrencySample */,
			);
		};
/* End PBXProject section */

/* Begin PBXResourcesBuildPhase section */
		AD4CB3AC287978EE0029883B /* Resources */ = {
			isa = PBXResourcesBuildPhase;
			buildActionMask = 2147483647;
			files = (
				AD4CB3B9287978EF0029883B /* Preview Assets.xcassets in Resources */,
				AD4CB3B6287978EF0029883B /* Assets.xcassets in Resources */,
			);
			runOnlyForDeploymentPostprocessing = 0;
		};
/* End PBXResourcesBuildPhase section */

/* Begin PBXSourcesBuildPhase section */
		AD4CB3AA287978EE0029883B /* Sources */ = {
			isa = PBXSourcesBuildPhase;
			buildActionMask = 2147483647;
			files = (
				AD695E552879AD4F00D1C9B5 /* RepositoryEntity.swift in Sources */,
				AD50775B287FCA1B00009C1D /* FeatureProviderProtocol.swift in Sources */,
				AD2F2F5F287AB0DD0089DC2D /* UserDefaultsClient.swift in Sources */,
				AD695E592879AD8100D1C9B5 /* GithubLicense.swift in Sources */,
				AD695E5F2879ADEC00D1C9B5 /* Repository.swift in Sources */,
				AD507752287FA59B00009C1D /* StaredRepositoryViewModel.swift in Sources */,
				AD2F2F61287AB19D0089DC2D /* UserDefaultsClientKey.swift in Sources */,
				AD2F3EC8287ED0DD0089DC2D /* ENV.swift in Sources */,
				AD507742287EE35400009C1D /* StaredRepositoriesRequest.swift in Sources */,
				AD2F2DC6287A66B10089DC2D /* AppDelegate.swift in Sources */,
				AD2F2DC0287A579B0089DC2D /* SearchRepositoryBuilder.swift in Sources */,
				AD2F329A287AC87C0089DC2D /* UserDefaultsClientProtocol.swift in Sources */,
				AD5077642880010700009C1D /* EmptyResponse.swift in Sources */,
				AD2F2DC4287A59290089DC2D /* SearchRepositoryViewModel.swift in Sources */,
				AD2D904D288F826B001CAD27 /* UnStarRequest.swift in Sources */,
				AD2F3ECB287ED2860089DC2D /* ENVClient.swift in Sources */,
				AD50774C287FA3E600009C1D /* StaredRepositoryView.swift in Sources */,
				AD695E4C2879AC9600D1C9B5 /* Request.swift in Sources */,
				AD2F2F63287AB2220089DC2D /* UserDefaultsClientKeys.swift in Sources */,
				AD695E46287984F500D1C9B5 /* APIClient.swift in Sources */,
				AD695E492879AC7700D1C9B5 /* SearchRepositoryRequest.swift in Sources */,
				AD50774E287FA46000009C1D /* StaredRepositoryHostingController.swift in Sources */,
				AD2F329F287ACB480089DC2D /* UserTranslator.swift in Sources */,
				AD507747287EF01E00009C1D /* BaseTabBarController.swift in Sources */,
				AD695E5D2879ADD500D1C9B5 /* User.swift in Sources */,
				AD507754287FA6D300009C1D /* StaredRepositoryBuilder.swift in Sources */,
				AD507760287FCCC000009C1D /* ViewRequests.swift in Sources */,
				AD507762287FFFBA00009C1D /* StarRepositoryRequest.swift in Sources */,
				AD2F2DC2287A57D00089DC2D /* SearchRepositoryHostingController.swift in Sources */,
				AD695E572879AD6C00D1C9B5 /* UserEntity.swift in Sources */,
				AD2F2DBA287A56EA0089DC2D /* SearchRepositoryView.swift in Sources */,
				AD2F32A6287AE54A0089DC2D /* FillColorView.swift in Sources */,
				AD2F32A3287ACF2F0089DC2D /* RepositoryView.swift in Sources */,
				AD2F329D287ACAA00089DC2D /* RepositoryTranslator.swift in Sources */,
				AD507759287FCA0E00009C1D /* FeatureProvider.swift in Sources */,
				AD50775D287FCA4F00009C1D /* AppEnvironment.swift in Sources */,
				AD507749287EFB6100009C1D /* ViewController+tabbaritem.swift in Sources */,
				AD50776628800BAB00009C1D /* CheckStarRequest.swift in Sources */,
			);
			runOnlyForDeploymentPostprocessing = 0;
		};
/* End PBXSourcesBuildPhase section */

/* Begin XCBuildConfiguration section */
		AD4CB3D0287978EF0029883B /* Debug */ = {
			isa = XCBuildConfiguration;
			buildSettings = {
				ALWAYS_SEARCH_USER_PATHS = NO;
				CLANG_ANALYZER_NONNULL = YES;
				CLANG_ANALYZER_NUMBER_OBJECT_CONVERSION = YES_AGGRESSIVE;
				CLANG_CXX_LANGUAGE_STANDARD = "gnu++17";
				CLANG_ENABLE_MODULES = YES;
				CLANG_ENABLE_OBJC_ARC = YES;
				CLANG_ENABLE_OBJC_WEAK = YES;
				CLANG_WARN_BLOCK_CAPTURE_AUTORELEASING = YES;
				CLANG_WARN_BOOL_CONVERSION = YES;
				CLANG_WARN_COMMA = YES;
				CLANG_WARN_CONSTANT_CONVERSION = YES;
				CLANG_WARN_DEPRECATED_OBJC_IMPLEMENTATIONS = YES;
				CLANG_WARN_DIRECT_OBJC_ISA_USAGE = YES_ERROR;
				CLANG_WARN_DOCUMENTATION_COMMENTS = YES;
				CLANG_WARN_EMPTY_BODY = YES;
				CLANG_WARN_ENUM_CONVERSION = YES;
				CLANG_WARN_INFINITE_RECURSION = YES;
				CLANG_WARN_INT_CONVERSION = YES;
				CLANG_WARN_NON_LITERAL_NULL_CONVERSION = YES;
				CLANG_WARN_OBJC_IMPLICIT_RETAIN_SELF = YES;
				CLANG_WARN_OBJC_LITERAL_CONVERSION = YES;
				CLANG_WARN_OBJC_ROOT_CLASS = YES_ERROR;
				CLANG_WARN_QUOTED_INCLUDE_IN_FRAMEWORK_HEADER = YES;
				CLANG_WARN_RANGE_LOOP_ANALYSIS = YES;
				CLANG_WARN_STRICT_PROTOTYPES = YES;
				CLANG_WARN_SUSPICIOUS_MOVE = YES;
				CLANG_WARN_UNGUARDED_AVAILABILITY = YES_AGGRESSIVE;
				CLANG_WARN_UNREACHABLE_CODE = YES;
				CLANG_WARN__DUPLICATE_METHOD_MATCH = YES;
				COPY_PHASE_STRIP = NO;
				DEBUG_INFORMATION_FORMAT = dwarf;
				ENABLE_STRICT_OBJC_MSGSEND = YES;
				ENABLE_TESTABILITY = YES;
				GCC_C_LANGUAGE_STANDARD = gnu11;
				GCC_DYNAMIC_NO_PIC = NO;
				GCC_NO_COMMON_BLOCKS = YES;
				GCC_OPTIMIZATION_LEVEL = 0;
				GCC_PREPROCESSOR_DEFINITIONS = (
					"DEBUG=1",
					"$(inherited)",
				);
				GCC_WARN_64_TO_32_BIT_CONVERSION = YES;
				GCC_WARN_ABOUT_RETURN_TYPE = YES_ERROR;
				GCC_WARN_UNDECLARED_SELECTOR = YES;
				GCC_WARN_UNINITIALIZED_AUTOS = YES_AGGRESSIVE;
				GCC_WARN_UNUSED_FUNCTION = YES;
				GCC_WARN_UNUSED_VARIABLE = YES;
				IPHONEOS_DEPLOYMENT_TARGET = 15.4;
				MTL_ENABLE_DEBUG_INFO = INCLUDE_SOURCE;
				MTL_FAST_MATH = YES;
				ONLY_ACTIVE_ARCH = YES;
				SDKROOT = iphoneos;
				SWIFT_ACTIVE_COMPILATION_CONDITIONS = DEBUG;
				SWIFT_OPTIMIZATION_LEVEL = "-Onone";
			};
			name = Debug;
		};
		AD4CB3D1287978EF0029883B /* Release */ = {
			isa = XCBuildConfiguration;
			buildSettings = {
				ALWAYS_SEARCH_USER_PATHS = NO;
				CLANG_ANALYZER_NONNULL = YES;
				CLANG_ANALYZER_NUMBER_OBJECT_CONVERSION = YES_AGGRESSIVE;
				CLANG_CXX_LANGUAGE_STANDARD = "gnu++17";
				CLANG_ENABLE_MODULES = YES;
				CLANG_ENABLE_OBJC_ARC = YES;
				CLANG_ENABLE_OBJC_WEAK = YES;
				CLANG_WARN_BLOCK_CAPTURE_AUTORELEASING = YES;
				CLANG_WARN_BOOL_CONVERSION = YES;
				CLANG_WARN_COMMA = YES;
				CLANG_WARN_CONSTANT_CONVERSION = YES;
				CLANG_WARN_DEPRECATED_OBJC_IMPLEMENTATIONS = YES;
				CLANG_WARN_DIRECT_OBJC_ISA_USAGE = YES_ERROR;
				CLANG_WARN_DOCUMENTATION_COMMENTS = YES;
				CLANG_WARN_EMPTY_BODY = YES;
				CLANG_WARN_ENUM_CONVERSION = YES;
				CLANG_WARN_INFINITE_RECURSION = YES;
				CLANG_WARN_INT_CONVERSION = YES;
				CLANG_WARN_NON_LITERAL_NULL_CONVERSION = YES;
				CLANG_WARN_OBJC_IMPLICIT_RETAIN_SELF = YES;
				CLANG_WARN_OBJC_LITERAL_CONVERSION = YES;
				CLANG_WARN_OBJC_ROOT_CLASS = YES_ERROR;
				CLANG_WARN_QUOTED_INCLUDE_IN_FRAMEWORK_HEADER = YES;
				CLANG_WARN_RANGE_LOOP_ANALYSIS = YES;
				CLANG_WARN_STRICT_PROTOTYPES = YES;
				CLANG_WARN_SUSPICIOUS_MOVE = YES;
				CLANG_WARN_UNGUARDED_AVAILABILITY = YES_AGGRESSIVE;
				CLANG_WARN_UNREACHABLE_CODE = YES;
				CLANG_WARN__DUPLICATE_METHOD_MATCH = YES;
				COPY_PHASE_STRIP = NO;
				DEBUG_INFORMATION_FORMAT = "dwarf-with-dsym";
				ENABLE_NS_ASSERTIONS = NO;
				ENABLE_STRICT_OBJC_MSGSEND = YES;
				GCC_C_LANGUAGE_STANDARD = gnu11;
				GCC_NO_COMMON_BLOCKS = YES;
				GCC_WARN_64_TO_32_BIT_CONVERSION = YES;
				GCC_WARN_ABOUT_RETURN_TYPE = YES_ERROR;
				GCC_WARN_UNDECLARED_SELECTOR = YES;
				GCC_WARN_UNINITIALIZED_AUTOS = YES_AGGRESSIVE;
				GCC_WARN_UNUSED_FUNCTION = YES;
				GCC_WARN_UNUSED_VARIABLE = YES;
				IPHONEOS_DEPLOYMENT_TARGET = 15.4;
				MTL_ENABLE_DEBUG_INFO = NO;
				MTL_FAST_MATH = YES;
				SDKROOT = iphoneos;
				SWIFT_COMPILATION_MODE = wholemodule;
				SWIFT_OPTIMIZATION_LEVEL = "-O";
				VALIDATE_PRODUCT = YES;
			};
			name = Release;
		};
		AD4CB3D3287978EF0029883B /* Debug */ = {
			isa = XCBuildConfiguration;
			buildSettings = {
				ASSETCATALOG_COMPILER_APPICON_NAME = AppIcon;
				ASSETCATALOG_COMPILER_GLOBAL_ACCENT_COLOR_NAME = AccentColor;
				CODE_SIGN_STYLE = Automatic;
				CURRENT_PROJECT_VERSION = 1;
				DEVELOPMENT_ASSET_PATHS = "\"SwiftConcurrencySample/Preview Content\"";
				DEVELOPMENT_TEAM = BN248X247W;
				ENABLE_PREVIEWS = YES;
				GENERATE_INFOPLIST_FILE = YES;
				INFOPLIST_FILE = SwiftConcurrencySample/Info.plist;
				INFOPLIST_KEY_UIApplicationSupportsIndirectInputEvents = YES;
				INFOPLIST_KEY_UILaunchScreen_Generation = YES;
				INFOPLIST_KEY_UISupportedInterfaceOrientations_iPad = "UIInterfaceOrientationPortrait UIInterfaceOrientationPortraitUpsideDown UIInterfaceOrientationLandscapeLeft UIInterfaceOrientationLandscapeRight";
				INFOPLIST_KEY_UISupportedInterfaceOrientations_iPhone = "UIInterfaceOrientationPortrait UIInterfaceOrientationLandscapeLeft UIInterfaceOrientationLandscapeRight";
				LD_RUNPATH_SEARCH_PATHS = (
					"$(inherited)",
					"@executable_path/Frameworks",
				);
				MARKETING_VERSION = 1.0;
				PRODUCT_BUNDLE_IDENTIFIER = y.ryoga.SwiftConcurrencySample;
				PRODUCT_NAME = "$(TARGET_NAME)";
				SWIFT_EMIT_LOC_STRINGS = YES;
				SWIFT_VERSION = 5.0;
				TARGETED_DEVICE_FAMILY = "1,2";
			};
			name = Debug;
		};
		AD4CB3D4287978EF0029883B /* Release */ = {
			isa = XCBuildConfiguration;
			buildSettings = {
				ASSETCATALOG_COMPILER_APPICON_NAME = AppIcon;
				ASSETCATALOG_COMPILER_GLOBAL_ACCENT_COLOR_NAME = AccentColor;
				CODE_SIGN_STYLE = Automatic;
				CURRENT_PROJECT_VERSION = 1;
				DEVELOPMENT_ASSET_PATHS = "\"SwiftConcurrencySample/Preview Content\"";
				DEVELOPMENT_TEAM = BN248X247W;
				ENABLE_PREVIEWS = YES;
				GENERATE_INFOPLIST_FILE = YES;
				INFOPLIST_FILE = SwiftConcurrencySample/Info.plist;
				INFOPLIST_KEY_UIApplicationSupportsIndirectInputEvents = YES;
				INFOPLIST_KEY_UILaunchScreen_Generation = YES;
				INFOPLIST_KEY_UISupportedInterfaceOrientations_iPad = "UIInterfaceOrientationPortrait UIInterfaceOrientationPortraitUpsideDown UIInterfaceOrientationLandscapeLeft UIInterfaceOrientationLandscapeRight";
				INFOPLIST_KEY_UISupportedInterfaceOrientations_iPhone = "UIInterfaceOrientationPortrait UIInterfaceOrientationLandscapeLeft UIInterfaceOrientationLandscapeRight";
				LD_RUNPATH_SEARCH_PATHS = (
					"$(inherited)",
					"@executable_path/Frameworks",
				);
				MARKETING_VERSION = 1.0;
				PRODUCT_BUNDLE_IDENTIFIER = y.ryoga.SwiftConcurrencySample;
				PRODUCT_NAME = "$(TARGET_NAME)";
				SWIFT_EMIT_LOC_STRINGS = YES;
				SWIFT_VERSION = 5.0;
				TARGETED_DEVICE_FAMILY = "1,2";
			};
			name = Release;
		};
/* End XCBuildConfiguration section */

/* Begin XCConfigurationList section */
		AD4CB3A9287978EE0029883B /* Build configuration list for PBXProject "SwiftConcurrencySample" */ = {
			isa = XCConfigurationList;
			buildConfigurations = (
				AD4CB3D0287978EF0029883B /* Debug */,
				AD4CB3D1287978EF0029883B /* Release */,
			);
			defaultConfigurationIsVisible = 0;
			defaultConfigurationName = Release;
		};
		AD4CB3D2287978EF0029883B /* Build configuration list for PBXNativeTarget "SwiftConcurrencySample" */ = {
			isa = XCConfigurationList;
			buildConfigurations = (
				AD4CB3D3287978EF0029883B /* Debug */,
				AD4CB3D4287978EF0029883B /* Release */,
			);
			defaultConfigurationIsVisible = 0;
			defaultConfigurationName = Release;
		};
/* End XCConfigurationList section */
	};
	rootObject = AD4CB3A6287978EE0029883B /* Project object */;
}
