// !$*UTF8*$!
{
	archiveVersion = 1;
	classes = {
	};
	objectVersion = 55;
	objects = {

/* Begin PBXBuildFile section */
		AD4CB3B2287978EE0029883B /* SwiftConcurrencySampleApp.swift in Sources */ = {isa = PBXBuildFile; fileRef = AD4CB3B1287978EE0029883B /* SwiftConcurrencySampleApp.swift */; };
		AD4CB3B4287978EE0029883B /* ContentView.swift in Sources */ = {isa = PBXBuildFile; fileRef = AD4CB3B3287978EE0029883B /* ContentView.swift */; };
		AD4CB3B6287978EF0029883B /* Assets.xcassets in Resources */ = {isa = PBXBuildFile; fileRef = AD4CB3B5287978EF0029883B /* Assets.xcassets */; };
		AD4CB3B9287978EF0029883B /* Preview Assets.xcassets in Resources */ = {isa = PBXBuildFile; fileRef = AD4CB3B8287978EF0029883B /* Preview Assets.xcassets */; };
		AD695E46287984F500D1C9B5 /* APIClient.swift in Sources */ = {isa = PBXBuildFile; fileRef = AD695E45287984F500D1C9B5 /* APIClient.swift */; };
		AD695E492879AC7700D1C9B5 /* SearchRepositoryRequest.swift in Sources */ = {isa = PBXBuildFile; fileRef = AD695E482879AC7700D1C9B5 /* SearchRepositoryRequest.swift */; };
		AD695E4C2879AC9600D1C9B5 /* Request.swift in Sources */ = {isa = PBXBuildFile; fileRef = AD695E4B2879AC9600D1C9B5 /* Request.swift */; };
		AD695E552879AD4F00D1C9B5 /* RepositoryEntity.swift in Sources */ = {isa = PBXBuildFile; fileRef = AD695E542879AD4F00D1C9B5 /* RepositoryEntity.swift */; };
		AD695E572879AD6C00D1C9B5 /* UserEntity.swift in Sources */ = {isa = PBXBuildFile; fileRef = AD695E562879AD6C00D1C9B5 /* UserEntity.swift */; };
		AD695E592879AD8100D1C9B5 /* GithubLicense.swift in Sources */ = {isa = PBXBuildFile; fileRef = AD695E582879AD8100D1C9B5 /* GithubLicense.swift */; };
		AD695E5D2879ADD500D1C9B5 /* User.swift in Sources */ = {isa = PBXBuildFile; fileRef = AD695E5C2879ADD500D1C9B5 /* User.swift */; };
		AD695E5F2879ADEC00D1C9B5 /* Repository.swift in Sources */ = {isa = PBXBuildFile; fileRef = AD695E5E2879ADEC00D1C9B5 /* Repository.swift */; };
/* End PBXBuildFile section */

/* Begin PBXContainerItemProxy section */
		AD4CB3BF287978EF0029883B /* PBXContainerItemProxy */ = {
			isa = PBXContainerItemProxy;
			containerPortal = AD4CB3A6287978EE0029883B /* Project object */;
			proxyType = 1;
			remoteGlobalIDString = AD4CB3AD287978EE0029883B;
			remoteInfo = SwiftConcurrencySample;
		};
		AD4CB3C9287978EF0029883B /* PBXContainerItemProxy */ = {
			isa = PBXContainerItemProxy;
			containerPortal = AD4CB3A6287978EE0029883B /* Project object */;
			proxyType = 1;
			remoteGlobalIDString = AD4CB3AD287978EE0029883B;
			remoteInfo = SwiftConcurrencySample;
		};
/* End PBXContainerItemProxy section */

/* Begin PBXFileReference section */
		AD4CB3AE287978EE0029883B /* SwiftConcurrencySample.app */ = {isa = PBXFileReference; explicitFileType = wrapper.application; includeInIndex = 0; path = SwiftConcurrencySample.app; sourceTree = BUILT_PRODUCTS_DIR; };
		AD4CB3B1287978EE0029883B /* SwiftConcurrencySampleApp.swift */ = {isa = PBXFileReference; lastKnownFileType = sourcecode.swift; path = SwiftConcurrencySampleApp.swift; sourceTree = "<group>"; };
		AD4CB3B3287978EE0029883B /* ContentView.swift */ = {isa = PBXFileReference; lastKnownFileType = sourcecode.swift; path = ContentView.swift; sourceTree = "<group>"; };
		AD4CB3B5287978EF0029883B /* Assets.xcassets */ = {isa = PBXFileReference; lastKnownFileType = folder.assetcatalog; path = Assets.xcassets; sourceTree = "<group>"; };
		AD4CB3B8287978EF0029883B /* Preview Assets.xcassets */ = {isa = PBXFileReference; lastKnownFileType = folder.assetcatalog; path = "Preview Assets.xcassets"; sourceTree = "<group>"; };
		AD4CB3BE287978EF0029883B /* SwiftConcurrencySampleTests.xctest */ = {isa = PBXFileReference; explicitFileType = wrapper.cfbundle; includeInIndex = 0; path = SwiftConcurrencySampleTests.xctest; sourceTree = BUILT_PRODUCTS_DIR; };
		AD4CB3C8287978EF0029883B /* SwiftConcurrencySampleUITests.xctest */ = {isa = PBXFileReference; explicitFileType = wrapper.cfbundle; includeInIndex = 0; path = SwiftConcurrencySampleUITests.xctest; sourceTree = BUILT_PRODUCTS_DIR; };
		AD695E45287984F500D1C9B5 /* APIClient.swift */ = {isa = PBXFileReference; lastKnownFileType = sourcecode.swift; path = APIClient.swift; sourceTree = "<group>"; };
		AD695E482879AC7700D1C9B5 /* SearchRepositoryRequest.swift */ = {isa = PBXFileReference; lastKnownFileType = sourcecode.swift; path = SearchRepositoryRequest.swift; sourceTree = "<group>"; };
		AD695E4B2879AC9600D1C9B5 /* Request.swift */ = {isa = PBXFileReference; lastKnownFileType = sourcecode.swift; path = Request.swift; sourceTree = "<group>"; };
		AD695E542879AD4F00D1C9B5 /* RepositoryEntity.swift */ = {isa = PBXFileReference; lastKnownFileType = sourcecode.swift; path = RepositoryEntity.swift; sourceTree = "<group>"; };
		AD695E562879AD6C00D1C9B5 /* UserEntity.swift */ = {isa = PBXFileReference; lastKnownFileType = sourcecode.swift; path = UserEntity.swift; sourceTree = "<group>"; };
		AD695E582879AD8100D1C9B5 /* GithubLicense.swift */ = {isa = PBXFileReference; lastKnownFileType = sourcecode.swift; path = GithubLicense.swift; sourceTree = "<group>"; };
		AD695E5C2879ADD500D1C9B5 /* User.swift */ = {isa = PBXFileReference; lastKnownFileType = sourcecode.swift; path = User.swift; sourceTree = "<group>"; };
		AD695E5E2879ADEC00D1C9B5 /* Repository.swift */ = {isa = PBXFileReference; lastKnownFileType = sourcecode.swift; path = Repository.swift; sourceTree = "<group>"; };
/* End PBXFileReference section */

/* Begin PBXFrameworksBuildPhase section */
		AD4CB3AB287978EE0029883B /* Frameworks */ = {
			isa = PBXFrameworksBuildPhase;
			buildActionMask = 2147483647;
			files = (
			);
			runOnlyForDeploymentPostprocessing = 0;
		};
		AD4CB3BB287978EF0029883B /* Frameworks */ = {
			isa = PBXFrameworksBuildPhase;
			buildActionMask = 2147483647;
			files = (
			);
			runOnlyForDeploymentPostprocessing = 0;
		};
		AD4CB3C5287978EF0029883B /* Frameworks */ = {
			isa = PBXFrameworksBuildPhase;
			buildActionMask = 2147483647;
			files = (
			);
			runOnlyForDeploymentPostprocessing = 0;
		};
/* End PBXFrameworksBuildPhase section */

/* Begin PBXGroup section */
		AD4CB3A5287978EE0029883B = {
			isa = PBXGroup;
			children = (
				AD4CB3B0287978EE0029883B /* SwiftConcurrencySample */,
				AD4CB3AF287978EE0029883B /* Products */,
			);
			sourceTree = "<group>";
		};
		AD4CB3AF287978EE0029883B /* Products */ = {
			isa = PBXGroup;
			children = (
				AD4CB3AE287978EE0029883B /* SwiftConcurrencySample.app */,
				AD4CB3BE287978EF0029883B /* SwiftConcurrencySampleTests.xctest */,
				AD4CB3C8287978EF0029883B /* SwiftConcurrencySampleUITests.xctest */,
			);
			name = Products;
			sourceTree = "<group>";
		};
		AD4CB3B0287978EE0029883B /* SwiftConcurrencySample */ = {
			isa = PBXGroup;
			children = (
				AD695E5A2879ADB800D1C9B5 /* FeatureInterface */,
				AD695E4128797EFD00D1C9B5 /* API */,
				AD4CB3B1287978EE0029883B /* SwiftConcurrencySampleApp.swift */,
				AD4CB3B3287978EE0029883B /* ContentView.swift */,
				AD4CB3B5287978EF0029883B /* Assets.xcassets */,
				AD4CB3B7287978EF0029883B /* Preview Content */,
			);
			path = SwiftConcurrencySample;
			sourceTree = "<group>";
		};
		AD4CB3B7287978EF0029883B /* Preview Content */ = {
			isa = PBXGroup;
			children = (
				AD4CB3B8287978EF0029883B /* Preview Assets.xcassets */,
			);
			path = "Preview Content";
			sourceTree = "<group>";
		};
		AD695E4128797EFD00D1C9B5 /* API */ = {
			isa = PBXGroup;
			children = (
				AD695E532879AD1700D1C9B5 /* Entities */,
				AD695E4D2879ACAB00D1C9B5 /* APIClient */,
				AD695E472879AC6800D1C9B5 /* Request */,
			);
			path = API;
			sourceTree = "<group>";
		};
		AD695E472879AC6800D1C9B5 /* Request */ = {
			isa = PBXGroup;
			children = (
				AD695E4B2879AC9600D1C9B5 /* Request.swift */,
				AD695E4A2879AC8500D1C9B5 /* Requests */,
			);
			path = Request;
			sourceTree = "<group>";
		};
		AD695E4A2879AC8500D1C9B5 /* Requests */ = {
			isa = PBXGroup;
			children = (
				AD695E482879AC7700D1C9B5 /* SearchRepositoryRequest.swift */,
			);
			path = Requests;
			sourceTree = "<group>";
		};
		AD695E4D2879ACAB00D1C9B5 /* APIClient */ = {
			isa = PBXGroup;
			children = (
				AD695E45287984F500D1C9B5 /* APIClient.swift */,
			);
			path = APIClient;
			sourceTree = "<group>";
		};
		AD695E532879AD1700D1C9B5 /* Entities */ = {
			isa = PBXGroup;
			children = (
				AD695E542879AD4F00D1C9B5 /* RepositoryEntity.swift */,
				AD695E562879AD6C00D1C9B5 /* UserEntity.swift */,
				AD695E582879AD8100D1C9B5 /* GithubLicense.swift */,
			);
			path = Entities;
			sourceTree = "<group>";
		};
		AD695E5A2879ADB800D1C9B5 /* FeatureInterface */ = {
			isa = PBXGroup;
			children = (
				AD695E5B2879ADCB00D1C9B5 /* Model */,
			);
			path = FeatureInterface;
			sourceTree = "<group>";
		};
		AD695E5B2879ADCB00D1C9B5 /* Model */ = {
			isa = PBXGroup;
			children = (
				AD695E5C2879ADD500D1C9B5 /* User.swift */,
				AD695E5E2879ADEC00D1C9B5 /* Repository.swift */,
			);
			path = Model;
			sourceTree = "<group>";
		};
/* End PBXGroup section */

/* Begin PBXNativeTarget section */
		AD4CB3AD287978EE0029883B /* SwiftConcurrencySample */ = {
			isa = PBXNativeTarget;
			buildConfigurationList = AD4CB3D2287978EF0029883B /* Build configuration list for PBXNativeTarget "SwiftConcurrencySample" */;
			buildPhases = (
				AD4CB3AA287978EE0029883B /* Sources */,
				AD4CB3AB287978EE0029883B /* Frameworks */,
				AD4CB3AC287978EE0029883B /* Resources */,
			);
			buildRules = (
			);
			dependencies = (
			);
			name = SwiftConcurrencySample;
			productName = SwiftConcurrencySample;
			productReference = AD4CB3AE287978EE0029883B /* SwiftConcurrencySample.app */;
			productType = "com.apple.product-type.application";
		};
		AD4CB3BD287978EF0029883B /* SwiftConcurrencySampleTests */ = {
			isa = PBXNativeTarget;
			buildConfigurationList = AD4CB3D5287978EF0029883B /* Build configuration list for PBXNativeTarget "SwiftConcurrencySampleTests" */;
			buildPhases = (
				AD4CB3BA287978EF0029883B /* Sources */,
				AD4CB3BB287978EF0029883B /* Frameworks */,
				AD4CB3BC287978EF0029883B /* Resources */,
			);
			buildRules = (
			);
			dependencies = (
				AD4CB3C0287978EF0029883B /* PBXTargetDependency */,
			);
			name = SwiftConcurrencySampleTests;
			productName = SwiftConcurrencySampleTests;
			productReference = AD4CB3BE287978EF0029883B /* SwiftConcurrencySampleTests.xctest */;
			productType = "com.apple.product-type.bundle.unit-test";
		};
		AD4CB3C7287978EF0029883B /* SwiftConcurrencySampleUITests */ = {
			isa = PBXNativeTarget;
			buildConfigurationList = AD4CB3D8287978EF0029883B /* Build configuration list for PBXNativeTarget "SwiftConcurrencySampleUITests" */;
			buildPhases = (
				AD4CB3C4287978EF0029883B /* Sources */,
				AD4CB3C5287978EF0029883B /* Frameworks */,
				AD4CB3C6287978EF0029883B /* Resources */,
			);
			buildRules = (
			);
			dependencies = (
				AD4CB3CA287978EF0029883B /* PBXTargetDependency */,
			);
			name = SwiftConcurrencySampleUITests;
			productName = SwiftConcurrencySampleUITests;
			productReference = AD4CB3C8287978EF0029883B /* SwiftConcurrencySampleUITests.xctest */;
			productType = "com.apple.product-type.bundle.ui-testing";
		};
/* End PBXNativeTarget section */

/* Begin PBXProject section */
		AD4CB3A6287978EE0029883B /* Project object */ = {
			isa = PBXProject;
			attributes = {
				BuildIndependentTargetsInParallel = 1;
				LastSwiftUpdateCheck = 1330;
				LastUpgradeCheck = 1330;
				TargetAttributes = {
					AD4CB3AD287978EE0029883B = {
						CreatedOnToolsVersion = 13.3.1;
					};
					AD4CB3BD287978EF0029883B = {
						CreatedOnToolsVersion = 13.3.1;
						TestTargetID = AD4CB3AD287978EE0029883B;
					};
					AD4CB3C7287978EF0029883B = {
						CreatedOnToolsVersion = 13.3.1;
						TestTargetID = AD4CB3AD287978EE0029883B;
					};
				};
			};
			buildConfigurationList = AD4CB3A9287978EE0029883B /* Build configuration list for PBXProject "SwiftConcurrencySample" */;
			compatibilityVersion = "Xcode 13.0";
			developmentRegion = en;
			hasScannedForEncodings = 0;
			knownRegions = (
				en,
				Base,
			);
			mainGroup = AD4CB3A5287978EE0029883B;
			productRefGroup = AD4CB3AF287978EE0029883B /* Products */;
			projectDirPath = "";
			projectRoot = "";
			targets = (
				AD4CB3AD287978EE0029883B /* SwiftConcurrencySample */,
				AD4CB3BD287978EF0029883B /* SwiftConcurrencySampleTests */,
				AD4CB3C7287978EF0029883B /* SwiftConcurrencySampleUITests */,
			);
		};
/* End PBXProject section */

/* Begin PBXResourcesBuildPhase section */
		AD4CB3AC287978EE0029883B /* Resources */ = {
			isa = PBXResourcesBuildPhase;
			buildActionMask = 2147483647;
			files = (
				AD4CB3B9287978EF0029883B /* Preview Assets.xcassets in Resources */,
				AD4CB3B6287978EF0029883B /* Assets.xcassets in Resources */,
			);
			runOnlyForDeploymentPostprocessing = 0;
		};
		AD4CB3BC287978EF0029883B /* Resources */ = {
			isa = PBXResourcesBuildPhase;
			buildActionMask = 2147483647;
			files = (
			);
			runOnlyForDeploymentPostprocessing = 0;
		};
		AD4CB3C6287978EF0029883B /* Resources */ = {
			isa = PBXResourcesBuildPhase;
			buildActionMask = 2147483647;
			files = (
			);
			runOnlyForDeploymentPostprocessing = 0;
		};
/* End PBXResourcesBuildPhase section */

/* Begin PBXSourcesBuildPhase section */
		AD4CB3AA287978EE0029883B /* Sources */ = {
			isa = PBXSourcesBuildPhase;
			buildActionMask = 2147483647;
			files = (
				AD695E552879AD4F00D1C9B5 /* RepositoryEntity.swift in Sources */,
				AD4CB3B4287978EE0029883B /* ContentView.swift in Sources */,
				AD4CB3B2287978EE0029883B /* SwiftConcurrencySampleApp.swift in Sources */,
				AD695E592879AD8100D1C9B5 /* GithubLicense.swift in Sources */,
				AD695E5F2879ADEC00D1C9B5 /* Repository.swift in Sources */,
				AD695E4C2879AC9600D1C9B5 /* Request.swift in Sources */,
				AD695E46287984F500D1C9B5 /* APIClient.swift in Sources */,
				AD695E492879AC7700D1C9B5 /* SearchRepositoryRequest.swift in Sources */,
				AD695E5D2879ADD500D1C9B5 /* User.swift in Sources */,
				AD695E572879AD6C00D1C9B5 /* UserEntity.swift in Sources */,
			);
			runOnlyForDeploymentPostprocessing = 0;
		};
		AD4CB3BA287978EF0029883B /* Sources */ = {
			isa = PBXSourcesBuildPhase;
			buildActionMask = 2147483647;
			files = (
			);
			runOnlyForDeploymentPostprocessing = 0;
		};
		AD4CB3C4287978EF0029883B /* Sources */ = {
			isa = PBXSourcesBuildPhase;
			buildActionMask = 2147483647;
			files = (
			);
			runOnlyForDeploymentPostprocessing = 0;
		};
/* End PBXSourcesBuildPhase section */

/* Begin PBXTargetDependency section */
		AD4CB3C0287978EF0029883B /* PBXTargetDependency */ = {
			isa = PBXTargetDependency;
			target = AD4CB3AD287978EE0029883B /* SwiftConcurrencySample */;
			targetProxy = AD4CB3BF287978EF0029883B /* PBXContainerItemProxy */;
		};
		AD4CB3CA287978EF0029883B /* PBXTargetDependency */ = {
			isa = PBXTargetDependency;
			target = AD4CB3AD287978EE0029883B /* SwiftConcurrencySample */;
			targetProxy = AD4CB3C9287978EF0029883B /* PBXContainerItemProxy */;
		};
/* End PBXTargetDependency section */

/* Begin XCBuildConfiguration section */
		AD4CB3D0287978EF0029883B /* Debug */ = {
			isa = XCBuildConfiguration;
			buildSettings = {
				ALWAYS_SEARCH_USER_PATHS = NO;
				CLANG_ANALYZER_NONNULL = YES;
				CLANG_ANALYZER_NUMBER_OBJECT_CONVERSION = YES_AGGRESSIVE;
				CLANG_CXX_LANGUAGE_STANDARD = "gnu++17";
				CLANG_ENABLE_MODULES = YES;
				CLANG_ENABLE_OBJC_ARC = YES;
				CLANG_ENABLE_OBJC_WEAK = YES;
				CLANG_WARN_BLOCK_CAPTURE_AUTORELEASING = YES;
				CLANG_WARN_BOOL_CONVERSION = YES;
				CLANG_WARN_COMMA = YES;
				CLANG_WARN_CONSTANT_CONVERSION = YES;
				CLANG_WARN_DEPRECATED_OBJC_IMPLEMENTATIONS = YES;
				CLANG_WARN_DIRECT_OBJC_ISA_USAGE = YES_ERROR;
				CLANG_WARN_DOCUMENTATION_COMMENTS = YES;
				CLANG_WARN_EMPTY_BODY = YES;
				CLANG_WARN_ENUM_CONVERSION = YES;
				CLANG_WARN_INFINITE_RECURSION = YES;
				CLANG_WARN_INT_CONVERSION = YES;
				CLANG_WARN_NON_LITERAL_NULL_CONVERSION = YES;
				CLANG_WARN_OBJC_IMPLICIT_RETAIN_SELF = YES;
				CLANG_WARN_OBJC_LITERAL_CONVERSION = YES;
				CLANG_WARN_OBJC_ROOT_CLASS = YES_ERROR;
				CLANG_WARN_QUOTED_INCLUDE_IN_FRAMEWORK_HEADER = YES;
				CLANG_WARN_RANGE_LOOP_ANALYSIS = YES;
				CLANG_WARN_STRICT_PROTOTYPES = YES;
				CLANG_WARN_SUSPICIOUS_MOVE = YES;
				CLANG_WARN_UNGUARDED_AVAILABILITY = YES_AGGRESSIVE;
				CLANG_WARN_UNREACHABLE_CODE = YES;
				CLANG_WARN__DUPLICATE_METHOD_MATCH = YES;
				COPY_PHASE_STRIP = NO;
				DEBUG_INFORMATION_FORMAT = dwarf;
				ENABLE_STRICT_OBJC_MSGSEND = YES;
				ENABLE_TESTABILITY = YES;
				GCC_C_LANGUAGE_STANDARD = gnu11;
				GCC_DYNAMIC_NO_PIC = NO;
				GCC_NO_COMMON_BLOCKS = YES;
				GCC_OPTIMIZATION_LEVEL = 0;
				GCC_PREPROCESSOR_DEFINITIONS = (
					"DEBUG=1",
					"$(inherited)",
				);
				GCC_WARN_64_TO_32_BIT_CONVERSION = YES;
				GCC_WARN_ABOUT_RETURN_TYPE = YES_ERROR;
				GCC_WARN_UNDECLARED_SELECTOR = YES;
				GCC_WARN_UNINITIALIZED_AUTOS = YES_AGGRESSIVE;
				GCC_WARN_UNUSED_FUNCTION = YES;
				GCC_WARN_UNUSED_VARIABLE = YES;
				IPHONEOS_DEPLOYMENT_TARGET = 15.4;
				MTL_ENABLE_DEBUG_INFO = INCLUDE_SOURCE;
				MTL_FAST_MATH = YES;
				ONLY_ACTIVE_ARCH = YES;
				SDKROOT = iphoneos;
				SWIFT_ACTIVE_COMPILATION_CONDITIONS = DEBUG;
				SWIFT_OPTIMIZATION_LEVEL = "-Onone";
			};
			name = Debug;
		};
		AD4CB3D1287978EF0029883B /* Release */ = {
			isa = XCBuildConfiguration;
			buildSettings = {
				ALWAYS_SEARCH_USER_PATHS = NO;
				CLANG_ANALYZER_NONNULL = YES;
				CLANG_ANALYZER_NUMBER_OBJECT_CONVERSION = YES_AGGRESSIVE;
				CLANG_CXX_LANGUAGE_STANDARD = "gnu++17";
				CLANG_ENABLE_MODULES = YES;
				CLANG_ENABLE_OBJC_ARC = YES;
				CLANG_ENABLE_OBJC_WEAK = YES;
				CLANG_WARN_BLOCK_CAPTURE_AUTORELEASING = YES;
				CLANG_WARN_BOOL_CONVERSION = YES;
				CLANG_WARN_COMMA = YES;
				CLANG_WARN_CONSTANT_CONVERSION = YES;
				CLANG_WARN_DEPRECATED_OBJC_IMPLEMENTATIONS = YES;
				CLANG_WARN_DIRECT_OBJC_ISA_USAGE = YES_ERROR;
				CLANG_WARN_DOCUMENTATION_COMMENTS = YES;
				CLANG_WARN_EMPTY_BODY = YES;
				CLANG_WARN_ENUM_CONVERSION = YES;
				CLANG_WARN_INFINITE_RECURSION = YES;
				CLANG_WARN_INT_CONVERSION = YES;
				CLANG_WARN_NON_LITERAL_NULL_CONVERSION = YES;
				CLANG_WARN_OBJC_IMPLICIT_RETAIN_SELF = YES;
				CLANG_WARN_OBJC_LITERAL_CONVERSION = YES;
				CLANG_WARN_OBJC_ROOT_CLASS = YES_ERROR;
				CLANG_WARN_QUOTED_INCLUDE_IN_FRAMEWORK_HEADER = YES;
				CLANG_WARN_RANGE_LOOP_ANALYSIS = YES;
				CLANG_WARN_STRICT_PROTOTYPES = YES;
				CLANG_WARN_SUSPICIOUS_MOVE = YES;
				CLANG_WARN_UNGUARDED_AVAILABILITY = YES_AGGRESSIVE;
				CLANG_WARN_UNREACHABLE_CODE = YES;
				CLANG_WARN__DUPLICATE_METHOD_MATCH = YES;
				COPY_PHASE_STRIP = NO;
				DEBUG_INFORMATION_FORMAT = "dwarf-with-dsym";
				ENABLE_NS_ASSERTIONS = NO;
				ENABLE_STRICT_OBJC_MSGSEND = YES;
				GCC_C_LANGUAGE_STANDARD = gnu11;
				GCC_NO_COMMON_BLOCKS = YES;
				GCC_WARN_64_TO_32_BIT_CONVERSION = YES;
				GCC_WARN_ABOUT_RETURN_TYPE = YES_ERROR;
				GCC_WARN_UNDECLARED_SELECTOR = YES;
				GCC_WARN_UNINITIALIZED_AUTOS = YES_AGGRESSIVE;
				GCC_WARN_UNUSED_FUNCTION = YES;
				GCC_WARN_UNUSED_VARIABLE = YES;
				IPHONEOS_DEPLOYMENT_TARGET = 15.4;
				MTL_ENABLE_DEBUG_INFO = NO;
				MTL_FAST_MATH = YES;
				SDKROOT = iphoneos;
				SWIFT_COMPILATION_MODE = wholemodule;
				SWIFT_OPTIMIZATION_LEVEL = "-O";
				VALIDATE_PRODUCT = YES;
			};
			name = Release;
		};
		AD4CB3D3287978EF0029883B /* Debug */ = {
			isa = XCBuildConfiguration;
			buildSettings = {
				ASSETCATALOG_COMPILER_APPICON_NAME = AppIcon;
				ASSETCATALOG_COMPILER_GLOBAL_ACCENT_COLOR_NAME = AccentColor;
				CODE_SIGN_STYLE = Automatic;
				CURRENT_PROJECT_VERSION = 1;
				DEVELOPMENT_ASSET_PATHS = "\"SwiftConcurrencySample/Preview Content\"";
				DEVELOPMENT_TEAM = BN248X247W;
				ENABLE_PREVIEWS = YES;
				GENERATE_INFOPLIST_FILE = YES;
				INFOPLIST_KEY_UIApplicationSceneManifest_Generation = YES;
				INFOPLIST_KEY_UIApplicationSupportsIndirectInputEvents = YES;
				INFOPLIST_KEY_UILaunchScreen_Generation = YES;
				INFOPLIST_KEY_UISupportedInterfaceOrientations_iPad = "UIInterfaceOrientationPortrait UIInterfaceOrientationPortraitUpsideDown UIInterfaceOrientationLandscapeLeft UIInterfaceOrientationLandscapeRight";
				INFOPLIST_KEY_UISupportedInterfaceOrientations_iPhone = "UIInterfaceOrientationPortrait UIInterfaceOrientationLandscapeLeft UIInterfaceOrientationLandscapeRight";
				LD_RUNPATH_SEARCH_PATHS = (
					"$(inherited)",
					"@executable_path/Frameworks",
				);
				MARKETING_VERSION = 1.0;
				PRODUCT_BUNDLE_IDENTIFIER = y.ryoga.SwiftConcurrencySample;
				PRODUCT_NAME = "$(TARGET_NAME)";
				SWIFT_EMIT_LOC_STRINGS = YES;
				SWIFT_VERSION = 5.0;
				TARGETED_DEVICE_FAMILY = "1,2";
			};
			name = Debug;
		};
		AD4CB3D4287978EF0029883B /* Release */ = {
			isa = XCBuildConfiguration;
			buildSettings = {
				ASSETCATALOG_COMPILER_APPICON_NAME = AppIcon;
				ASSETCATALOG_COMPILER_GLOBAL_ACCENT_COLOR_NAME = AccentColor;
				CODE_SIGN_STYLE = Automatic;
				CURRENT_PROJECT_VERSION = 1;
				DEVELOPMENT_ASSET_PATHS = "\"SwiftConcurrencySample/Preview Content\"";
				DEVELOPMENT_TEAM = BN248X247W;
				ENABLE_PREVIEWS = YES;
				GENERATE_INFOPLIST_FILE = YES;
				INFOPLIST_KEY_UIApplicationSceneManifest_Generation = YES;
				INFOPLIST_KEY_UIApplicationSupportsIndirectInputEvents = YES;
				INFOPLIST_KEY_UILaunchScreen_Generation = YES;
				INFOPLIST_KEY_UISupportedInterfaceOrientations_iPad = "UIInterfaceOrientationPortrait UIInterfaceOrientationPortraitUpsideDown UIInterfaceOrientationLandscapeLeft UIInterfaceOrientationLandscapeRight";
				INFOPLIST_KEY_UISupportedInterfaceOrientations_iPhone = "UIInterfaceOrientationPortrait UIInterfaceOrientationLandscapeLeft UIInterfaceOrientationLandscapeRight";
				LD_RUNPATH_SEARCH_PATHS = (
					"$(inherited)",
					"@executable_path/Frameworks",
				);
				MARKETING_VERSION = 1.0;
				PRODUCT_BUNDLE_IDENTIFIER = y.ryoga.SwiftConcurrencySample;
				PRODUCT_NAME = "$(TARGET_NAME)";
				SWIFT_EMIT_LOC_STRINGS = YES;
				SWIFT_VERSION = 5.0;
				TARGETED_DEVICE_FAMILY = "1,2";
			};
			name = Release;
		};
		AD4CB3D6287978EF0029883B /* Debug */ = {
			isa = XCBuildConfiguration;
			buildSettings = {
				ALWAYS_EMBED_SWIFT_STANDARD_LIBRARIES = YES;
				BUNDLE_LOADER = "$(TEST_HOST)";
				CODE_SIGN_STYLE = Automatic;
				CURRENT_PROJECT_VERSION = 1;
				DEVELOPMENT_TEAM = BN248X247W;
				GENERATE_INFOPLIST_FILE = YES;
				IPHONEOS_DEPLOYMENT_TARGET = 15.4;
				MARKETING_VERSION = 1.0;
				PRODUCT_BUNDLE_IDENTIFIER = y.ryoga.SwiftConcurrencySampleTests;
				PRODUCT_NAME = "$(TARGET_NAME)";
				SWIFT_EMIT_LOC_STRINGS = NO;
				SWIFT_VERSION = 5.0;
				TARGETED_DEVICE_FAMILY = "1,2";
				TEST_HOST = "$(BUILT_PRODUCTS_DIR)/SwiftConcurrencySample.app/SwiftConcurrencySample";
			};
			name = Debug;
		};
		AD4CB3D7287978EF0029883B /* Release */ = {
			isa = XCBuildConfiguration;
			buildSettings = {
				ALWAYS_EMBED_SWIFT_STANDARD_LIBRARIES = YES;
				BUNDLE_LOADER = "$(TEST_HOST)";
				CODE_SIGN_STYLE = Automatic;
				CURRENT_PROJECT_VERSION = 1;
				DEVELOPMENT_TEAM = BN248X247W;
				GENERATE_INFOPLIST_FILE = YES;
				IPHONEOS_DEPLOYMENT_TARGET = 15.4;
				MARKETING_VERSION = 1.0;
				PRODUCT_BUNDLE_IDENTIFIER = y.ryoga.SwiftConcurrencySampleTests;
				PRODUCT_NAME = "$(TARGET_NAME)";
				SWIFT_EMIT_LOC_STRINGS = NO;
				SWIFT_VERSION = 5.0;
				TARGETED_DEVICE_FAMILY = "1,2";
				TEST_HOST = "$(BUILT_PRODUCTS_DIR)/SwiftConcurrencySample.app/SwiftConcurrencySample";
			};
			name = Release;
		};
		AD4CB3D9287978EF0029883B /* Debug */ = {
			isa = XCBuildConfiguration;
			buildSettings = {
				ALWAYS_EMBED_SWIFT_STANDARD_LIBRARIES = YES;
				CODE_SIGN_STYLE = Automatic;
				CURRENT_PROJECT_VERSION = 1;
				DEVELOPMENT_TEAM = BN248X247W;
				GENERATE_INFOPLIST_FILE = YES;
				MARKETING_VERSION = 1.0;
				PRODUCT_BUNDLE_IDENTIFIER = y.ryoga.SwiftConcurrencySampleUITests;
				PRODUCT_NAME = "$(TARGET_NAME)";
				SWIFT_EMIT_LOC_STRINGS = NO;
				SWIFT_VERSION = 5.0;
				TARGETED_DEVICE_FAMILY = "1,2";
				TEST_TARGET_NAME = SwiftConcurrencySample;
			};
			name = Debug;
		};
		AD4CB3DA287978EF0029883B /* Release */ = {
			isa = XCBuildConfiguration;
			buildSettings = {
				ALWAYS_EMBED_SWIFT_STANDARD_LIBRARIES = YES;
				CODE_SIGN_STYLE = Automatic;
				CURRENT_PROJECT_VERSION = 1;
				DEVELOPMENT_TEAM = BN248X247W;
				GENERATE_INFOPLIST_FILE = YES;
				MARKETING_VERSION = 1.0;
				PRODUCT_BUNDLE_IDENTIFIER = y.ryoga.SwiftConcurrencySampleUITests;
				PRODUCT_NAME = "$(TARGET_NAME)";
				SWIFT_EMIT_LOC_STRINGS = NO;
				SWIFT_VERSION = 5.0;
				TARGETED_DEVICE_FAMILY = "1,2";
				TEST_TARGET_NAME = SwiftConcurrencySample;
			};
			name = Release;
		};
/* End XCBuildConfiguration section */

/* Begin XCConfigurationList section */
		AD4CB3A9287978EE0029883B /* Build configuration list for PBXProject "SwiftConcurrencySample" */ = {
			isa = XCConfigurationList;
			buildConfigurations = (
				AD4CB3D0287978EF0029883B /* Debug */,
				AD4CB3D1287978EF0029883B /* Release */,
			);
			defaultConfigurationIsVisible = 0;
			defaultConfigurationName = Release;
		};
		AD4CB3D2287978EF0029883B /* Build configuration list for PBXNativeTarget "SwiftConcurrencySample" */ = {
			isa = XCConfigurationList;
			buildConfigurations = (
				AD4CB3D3287978EF0029883B /* Debug */,
				AD4CB3D4287978EF0029883B /* Release */,
			);
			defaultConfigurationIsVisible = 0;
			defaultConfigurationName = Release;
		};
		AD4CB3D5287978EF0029883B /* Build configuration list for PBXNativeTarget "SwiftConcurrencySampleTests" */ = {
			isa = XCConfigurationList;
			buildConfigurations = (
				AD4CB3D6287978EF0029883B /* Debug */,
				AD4CB3D7287978EF0029883B /* Release */,
			);
			defaultConfigurationIsVisible = 0;
			defaultConfigurationName = Release;
		};
		AD4CB3D8287978EF0029883B /* Build configuration list for PBXNativeTarget "SwiftConcurrencySampleUITests" */ = {
			isa = XCConfigurationList;
			buildConfigurations = (
				AD4CB3D9287978EF0029883B /* Debug */,
				AD4CB3DA287978EF0029883B /* Release */,
			);
			defaultConfigurationIsVisible = 0;
			defaultConfigurationName = Release;
		};
/* End XCConfigurationList section */
	};
	rootObject = AD4CB3A6287978EE0029883B /* Project object */;
}
